
Microsoft Visual Studio Solution File, Format Version 11.00
# Visual Studio 2010
Project("{FAE04EC0-301F-11D3-BF4B-00C04F79EFBC}") = "On Ex_V", "On Ex_V\On Ex_V.csproj", "{612CC20A-2D57-40C6-9039-3D6AFC48A8DA}"
EndProject
Project("{FAE04EC0-301F-11D3-BF4B-00C04F79EFBC}") = "On Ex_M", "On Ex_M\On Ex_M.csproj", "{A11D14AA-9910-4E85-9B24-621192EC94CD}"
EndProject
Project("{FAE04EC0-301F-11D3-BF4B-00C04F79EFBC}") = "On Ex_C", "On Ex_C\On Ex_C.csproj", "{BC10C4A3-D266-49F5-9506-6125B5237851}"
EndProject
Global
	GlobalSection(SolutionConfigurationPlatforms) = preSolution
		Debug|Any CPU = Debug|Any CPU
		Release|Any CPU = Release|Any CPU
	EndGlobalSection
	GlobalSection(ProjectConfigurationPlatforms) = postSolution
		{612CC20A-2D57-40C6-9039-3D6AFC48A8DA}.Debug|Any CPU.ActiveCfg = Debug|Any CPU
		{612CC20A-2D57-40C6-9039-3D6AFC48A8DA}.Debug|Any CPU.Build.0 = Debug|Any CPU
		{612CC20A-2D57-40C6-9039-3D6AFC48A8DA}.Release|Any CPU.ActiveCfg = Release|Any CPU
		{612CC20A-2D57-40C6-9039-3D6AFC48A8DA}.Release|Any CPU.Build.0 = Release|Any CPU
		{A11D14AA-9910-4E85-9B24-621192EC94CD}.Debug|Any CPU.ActiveCfg = Debug|Any CPU
		{A11D14AA-9910-4E85-9B24-621192EC94CD}.Debug|Any CPU.Build.0 = Debug|Any CPU
		{A11D14AA-9910-4E85-9B24-621192EC94CD}.Release|Any CPU.ActiveCfg = Release|Any CPU
		{A11D14AA-9910-4E85-9B24-621192EC94CD}.Release|Any CPU.Build.0 = Release|Any CPU
		{BC10C4A3-D266-49F5-9506-6125B5237851}.Debug|Any CPU.ActiveCfg = Debug|Any CPU
		{BC10C4A3-D266-49F5-9506-6125B5237851}.Debug|Any CPU.Build.0 = Debug|Any CPU
		{BC10C4A3-D266-49F5-9506-6125B5237851}.Release|Any CPU.ActiveCfg = Release|Any CPU
		{BC10C4A3-D266-49F5-9506-6125B5237851}.Release|Any CPU.Build.0 = Release|Any CPU
	EndGlobalSection
	GlobalSection(SolutionProperties) = preSolution
		HideSolutionNode = FALSE
	EndGlobalSection
EndGlobal
